{
  "https://fonts.gstatic.com/s/neucha/v17/q5uGsou0JOdh94bfvQlo.ttf": { "integrity": "sha512-FQdJj/xb/sPu1xhGbgGTiIxMp3DWyR+rqknwqrcBGOJkw+gldzEQlaroIyNayKDxuiiB3fRwL6LTgvui8BrbUw==", "contentType": "font/ttf" },
  "https://fonts.gstatic.com/s/patrickhandsc/v15/0nkwC9f7MfsBiWcLtY65AWDK873ljiK-.ttf": { "integrity": "sha512-TWtEFlvqz7JJe1MHYMhagCoYRMvGNCKstN2Nh97CXPOgS6mY2Ws8tMoGt4LldofsOmOIEXmgH4tSREa1qgvvZw==", "contentType": "font/ttf" },
  "version": 1
}
