{
  "http://fonts.gstatic.com/s/arimo/v29/P5sdzZCDf9_T_10c3i9MeUcyat4iJY9jQyrDfQM.ttf": { "integrity": "sha512-zX42rxczcH6DZcvY94GaJQsNocWBGfJyamBfv/ZzuQwVC/FrvEe+/Pb9pHKe2jQboVCynLKm5FRl9OZ54Fuxow==", "contentType": "font/ttf" },
  "http://fonts.gstatic.com/s/arimo/v29/P5sfzZCDf9_T_3cV7NCUECyoxNk3CstcABrE.ttf": { "integrity": "sha512-JPIbGEQPezV+eB2EDTLQK7pCDfSn/OGwc1IgkAcwBtR2y9toBpoqNHi9Kd/jyBTi+LI6P9nHoiZbox9amLn02w==", "contentType": "font/ttf" },
  "http://fonts.gstatic.com/s/inconsolata/v32/QldgNThLqRwH-OJ1UHjlKENVzkWGVkL3GZQmAwLYxYWI2qfdm7Lpp4U8WR32kg.ttf": { "integrity": "sha512-gf7kLeA2CMVE++3Sohk9/2tDAKxP9cR+b41iGZiYs8qKkeqfl80v59KKZAuDNgavIbMjh7Mubnk3w0Xx68TPLA==", "contentType": "font/ttf" },
  "http://fonts.gstatic.com/s/merriweather/v30/u-4l0qyriQwlOrhSvowK_l5-eR7lXff4jvk.ttf": { "integrity": "sha512-Sw526HJttnY6jxoIG0yIwoVLu10+iPhA5viKjeI/Sk4YAsSpCg8cuR2xaihec5r7nNSGKMxeT5piqlAWaIiQLA==", "contentType": "font/ttf" },
  "http://fonts.gstatic.com/s/merriweather/v30/u-4n0qyriQwlOrhSvowK_l521wRZWMf_.ttf": { "integrity": "sha512-Datu1weRqA3pgY1gjF03MdMf2db6x02CkfVRKO6AxzIpj23YI5MdJNhIBMDjCqSElvV1cDfQlbJe5UHRs7muNQ==", "contentType": "font/ttf" },
  "http://fonts.gstatic.com/s/opensans/v40/memQYaGs126MiZpBA-UFUIcVXSCEkx2cmqvXlWq8tWZ0Pw86hd0Rk5hkWVAexQ.ttf": { "integrity": "sha512-3p1NTFuwgXoewPobwT0BFEe7j7njv2ViN51Fh1oVW07064IHavEUV4M6EsayfWmiyepu625acUEjjosipUQu9Q==", "contentType": "font/ttf" },
  "http://fonts.gstatic.com/s/opensans/v40/memQYaGs126MiZpBA-UFUIcVXSCEkx2cmqvXlWq8tWZ0Pw86hd0Rk8ZkWVAexQ.ttf": { "integrity": "sha512-C+eviiG794v9X+xKehDQfgLrX9HGhFEKH7VLUnoI85cRXNJP4cS3rTIt5knENa5tEluXoiOyBEj7xtrBKZXWxw==", "contentType": "font/ttf" },
  "http://fonts.gstatic.com/s/opensans/v40/memSYaGs126MiZpBA-UvWbX2vVnXBbObj2OVZyOOSr4dVJWUgsg-1x4gaVc.ttf": { "integrity": "sha512-qQ8GXOlrYj86MDxjyWI/PJxozzz5R38GHdK0ftTLHTeuOJ68AxxMfa9HZsWrsDCMrTmvn77PA/LLYK5Y/1JLLA==", "contentType": "font/ttf" },
  "http://fonts.gstatic.com/s/opensans/v40/memSYaGs126MiZpBA-UvWbX2vVnXBbObj2OVZyOOSr4dVJWUgsiH0B4gaVc.ttf": { "integrity": "sha512-5hBBObnwotwH0VMXTiZnwZ4rCZb8oyBxemBNfXt9g7eP/OsKDuuYGxxtdDmYP324V/wnoTsvMyIXUOaIP7VrNw==", "contentType": "font/ttf" },
  "http://fonts.gstatic.com/s/opensans/v40/memSYaGs126MiZpBA-UvWbX2vVnXBbObj2OVZyOOSr4dVJWUgsjZ0B4gaVc.ttf": { "integrity": "sha512-Eu6nzPJCxLGbxckOpkIiiMWFNBtKxqvJT6LD8Ia9owPYpoSKHjZ8nMFxLWwut+ALs3pE0UCPX25PZERnUhmLwA==", "contentType": "font/ttf" },
  "http://fonts.gstatic.com/s/opensanscondensed/v23/z7NFdQDnbTkabZAIOl9il_O6KJj73e7Ff0GmDuXMQg.ttf": { "integrity": "sha512-A+56sMe7PzkCgP3R1V1gfFwZT6bQr8UoujmrWJ6xPnmVyoSn6azm1KeuB2Fe51n6okebU9R34Xv6UfqCbXVSGQ==", "contentType": "font/ttf" },
  "http://fonts.gstatic.com/s/opensanscondensed/v23/z7NFdQDnbTkabZAIOl9il_O6KJj73e7Ff1GhDuXMQg.ttf": { "integrity": "sha512-iBYl8tgtluGktQN2Fy8hPK2L2EbGa1N9ei3KT2ZWl+3lquE+UPVq1GJP9RQ9QJAgY07vGZa0rroypfVpgPlw+A==", "contentType": "font/ttf" },
  "http://fonts.gstatic.com/s/opensanscondensed/v23/z7NHdQDnbTkabZAIOl9il_O6KJj73e7Fd_-7suD8Rb2Q.ttf": { "integrity": "sha512-zYI7m4z6EdO9VNxs8/XlzhbhAx/qOzvFwZpYeOPqFgHAuqiOnk5JaxAyLjJQRVzIb6oc+49ryZ2n1xP13P/qmQ==", "contentType": "font/ttf" },
  "http://fonts.gstatic.com/s/roboto/v32/KFOmCnqEu92Fr1Mu4mxP.ttf": { "integrity": "sha512-lZqg/xzz7q20Ke19PJ+hbOxhoB/uIW3qfe6uOMdZWhNC7PJS/ezHPNHBow32SQHTL1vXw6eckoNC3Oe7bJ0rtA==", "contentType": "font/ttf" },
  "https://edwardtufte.github.io/tufte-css/et-book/et-book-bold-line-figures/et-book-bold-line-figures.ttf": { "integrity": "sha512-hC1Pjt3KYjwujMUDIYRThO6ImGkbuC3CLQaYY9lMMXJSDWy/itqrxUiwa58RfbzsQktdOSQueqwsHOCHNaTllg==", "contentType": "font/ttf" },
  "https://edwardtufte.github.io/tufte-css/et-book/et-book-display-italic-old-style-figures/et-book-display-italic-old-style-figures.ttf": { "integrity": "sha512-cuCYYzSvx909LrdRsUbbG/sxGykDhai6n6gIA8N5AnjFVmqURj72wHhZRsGOGEaqgCUYyb/ZQublq4jmfOad6w==", "contentType": "font/ttf" },
  "https://edwardtufte.github.io/tufte-css/et-book/et-book-roman-line-figures/et-book-roman-line-figures.ttf": { "integrity": "sha512-mkyfbs3DUA3jcc8I4t4iy4Z+wAqMoafamv0E+rBnfzTa0/jW6JGjROOXafZVM1oMid2sQIO8LeuByufcmDAVGA==", "contentType": "font/ttf" },
  "https://edwardtufte.github.io/tufte-css/et-book/et-book-roman-old-style-figures/et-book-roman-old-style-figures.ttf": { "integrity": "sha512-ZZOfYS/OxFiXVkYOeSezdk/KjxabBE0LTyC81bnNjzWj2DbfgumhuP1os2/O8A42wXIuMRVwti3ZqaCgNI/vBQ==", "contentType": "font/ttf" },
  "https://fonts.gstatic.com/s/averialibre/v16/2V0EKIcMGZEnV6xygz7eNjESAKnN.ttf": { "integrity": "sha512-g+7lnvZYgZwwlj1Vlw3imI4cWzI87HQZPFV6ZUHQoefl9SWigbCEPZvikIbMNTb3vf/MFtQnQzb7o/Kax941Yw==", "contentType": "font/ttf" },
  "https://fonts.gstatic.com/s/averialibre/v16/2V0FKIcMGZEnV6xygz7eNjEavoztbw.ttf": { "integrity": "sha512-woZ3dJlDwQuOX3jJOxXASBHPEgDuCscChiPVGptolMi6xbC16YtOgYHP1jHxmnCfnmQaOi6Ibj3SS7zI/m/PIA==", "contentType": "font/ttf" },
  "https://fonts.gstatic.com/s/averialibre/v16/2V0HKIcMGZEnV6xygz7eNjESAJFxakTp.ttf": { "integrity": "sha512-/9OWzezpejG0KB/+F2oyPt89y6R1o+XO+m3c4ozBqce4AxH4NQ/beVKA4R57rH9SIJoQqyE4iB3b22URzFx/4w==", "contentType": "font/ttf" },
  "https://fonts.gstatic.com/s/averialibre/v16/2V0aKIcMGZEnV6xygz7eNjEiAg.ttf": { "integrity": "sha512-EkvwI8vOprBMIHmO/HTSBKxgZQaGl6xhdclPLSQ/pEHcTZF+pDoLPL9/et/DoKVvm5MarfuccS6E60WwNXf2zA==", "contentType": "font/ttf" },
  "https://fonts.gstatic.com/s/averiaseriflibre/v18/neIVzD2ms4wxr6GvjeD0X88SHPyX2xYGCSmqwQ.ttf": { "integrity": "sha512-zzDTlymaVyGaXeLuHGbKkch6z3KFqypKSeaarc6DZqdE6exA8h/cUuwzHw5ESm6Q6mHp1g6DAej3YlIYzx8Hzg==", "contentType": "font/ttf" },
  "https://fonts.gstatic.com/s/averiaseriflibre/v18/neIVzD2ms4wxr6GvjeD0X88SHPyX2xYGGS6qwQ.ttf": { "integrity": "sha512-iZtPQ633XWoyTZtg4O1tCc8Kj8sOsIBnSbr5mK6xwzfA6mZXeKf6n3/9V5PoWNkzE0n+90sEZvWZ3ftKZr6Juw==", "contentType": "font/ttf" },
  "https://fonts.gstatic.com/s/averiaseriflibre/v18/neIbzD2ms4wxr6GvjeD0X88SHPyX2xYOpzM2xK0u.ttf": { "integrity": "sha512-bQzwmgoxkgQHIm/b/4GuP9ZP3vN4WDeUSAH05hIyUCQdxULDrU1Ue0yUSVo10Rocbb2rTVX9oVaiI1NmdAfdzA==", "contentType": "font/ttf" },
  "https://fonts.gstatic.com/s/averiaseriflibre/v18/neIbzD2ms4wxr6GvjeD0X88SHPyX2xYOpzMmw60u.ttf": { "integrity": "sha512-nxHj3QbnjLNL6Ot6OlVT34O0KAQ2Vcw2AspoICtuntL2q39WZXqW9Ib00dg7EVhYxS9q5O7ZGc0n+6fX9/5JHw==", "contentType": "font/ttf" },
  "https://fonts.gstatic.com/s/caveat/v18/WnznHAc5bAfYB2QRah7pcpNvOx-pjfJ9SII.ttf": { "integrity": "sha512-vADSMEI5hyTWKqAjej/7kYJHKIQkqd6cvKHjz4MBloDf1GXZG4GOZbZgCb5mQifhApwHuy9OCqS30LmaHPYg+A==", "contentType": "font/ttf" },
  "https://fonts.gstatic.com/s/courierprime/v9/u-450q2lgwslOqpF_6gQ8kELWwY.ttf": { "integrity": "sha512-Bf4qjDjy94zrLASB9F85dr71iJk4TGspFF3wmUYZMv4k0hQCQ0SSC9YtoiM1qqD49XWyBJ1wd7cL3N2GA4iGpQ==", "contentType": "font/ttf" },
  "https://fonts.gstatic.com/s/courierprime/v9/u-4i0q2lgwslOqpF_6gQ8kELawRR4-Lfrg.ttf": { "integrity": "sha512-NqNnUwaCrJBqvUIZZl3UTEP+JlTkEabIfyMnh53izclVnDqYdeP8ek7AzBvP1J3pB7T+5Wc/20rYo7IeuSvo9Q==", "contentType": "font/ttf" },
  "https://fonts.gstatic.com/s/courierprime/v9/u-4k0q2lgwslOqpF_6gQ8kELY7pMf-c.ttf": { "integrity": "sha512-GntcTVPY/6ri+5sPHVjtEBJN5EywxIVPwwfq5iDikW6iEGW8cuLM/0i/0byGFKyp/1442Ew+ZQISmTcvKBfYFQ==", "contentType": "font/ttf" },
  "https://fonts.gstatic.com/s/courierprime/v9/u-4n0q2lgwslOqpF_6gQ8kELawRpXw.ttf": { "integrity": "sha512-Wex+bOmv8Zyf5S6pD73h6jQrXfNk0xC+FSEXSJlAQTAvaZru/UwSKXfKL4hPnrXVxN+J6TdiKMyloVyrfeG5Xw==", "contentType": "font/ttf" },
  "https://fonts.gstatic.com/s/firamono/v14/N0bX2SlFPv1weGeLZDtgJv7X.ttf": { "integrity": "sha512-QlzUPupAtN43IfFa5W4lpmtzJZHIJoSjRYPvvvixVyw2AgbMvnnQGq0Eoq3JuPmLaVeysgUGZNq72Sbzywy5ng==", "contentType": "font/ttf" },
  "https://fonts.gstatic.com/s/lato/v24/S6u8w4BMUTPHjxsAXC-v.ttf": { "integrity": "sha512-D5vSGv3ZuVzZnxPSajCXVKN3Q70KcqFq1urreIev6hyuli7bZ4x+wVUwKfVF30t7tF+P2QgrYEFFE7iJt3B8Gg==", "contentType": "font/ttf" },
  "https://fonts.gstatic.com/s/lato/v24/S6u8w4BMUTPHjxswWw.ttf": { "integrity": "sha512-/J1knqpeLrYumGXfxBHnxE0DFQzV//iui9aTJNpuBXGwSbvSEGVzOjgt0yL/D4vqnWRFxWenqWUj4/+eLNF/hA==", "contentType": "font/ttf" },
  "https://fonts.gstatic.com/s/lato/v24/S6u9w4BMUTPHh6UVSwiPHA.ttf": { "integrity": "sha512-mk5GjxLWFOgXB05wU1BpHHgddrrvd0go2YBEGdDnDdVYaIF34nQbkjDuGoWhQd+5edJI3E32z7UxTAv4QOVMCQ==", "contentType": "font/ttf" },
  "https://fonts.gstatic.com/s/lato/v24/S6u9w4BMUTPHh6UVew8.ttf": { "integrity": "sha512-k21VpICt1FcoSPuOtgD1uG95vxoA5V+aVZc/+sPlpaXCFYIJA5mRzU4V5iZYpDd9gFkeZyT5Vn+zQD/bfIh3Ag==", "contentType": "font/ttf" },
  "https://fonts.gstatic.com/s/lato/v24/S6u9w4BMUTPHh7USew8.ttf": { "integrity": "sha512-bcpdH9MmzXYuxBIpyn8JDfUWUi15dvaGU7psGJmE22iPzumtOZ9vkpQYN9ED3MsGRu5H1wef5qAxPeCgDpeoCw==", "contentType": "font/ttf" },
  "https://fonts.gstatic.com/s/lato/v24/S6u_w4BMUTPHjxsI5wq_Gwfo.ttf": { "integrity": "sha512-twkUk4bneL7YVvxOha1ErsFI+p5rlAU5BA1hfcKwCOgawkXXBMzw+cbr5NeQ1Hi48NJi4hTcAnQgWn+HwXXU3A==", "contentType": "font/ttf" },
  "https://fonts.gstatic.com/s/lato/v24/S6uyw4BMUTPHjx4wWw.ttf": { "integrity": "sha512-ll3BEjol9gHJxVu79f8AvH2JdoS9gAzvZ6Rqz8/cF1H9IyIO2sTWuUAwuJU/l8BNpH9RhkJ5aaGBbPCQnjPEYA==", "contentType": "font/ttf" },
  "https://fonts.gstatic.com/s/lato/v24/S6uyw4BMUTPHvxk.ttf": { "integrity": "sha512-+M9JU74YCxbfQw7s5s4WshAUPxFuDLgQNceavZE8ffYRZTl3BkinUrhwc9R4zy2GTzDr/Lv4b5qnMhXMDlaZbA==", "contentType": "font/ttf" },
  "https://fonts.gstatic.com/s/neucha/v17/q5uGsou0JOdh94bfvQlo.ttf": { "integrity": "sha512-FQdJj/xb/sPu1xhGbgGTiIxMp3DWyR+rqknwqrcBGOJkw+gldzEQlaroIyNayKDxuiiB3fRwL6LTgvui8BrbUw==", "contentType": "font/ttf" },
  "https://fonts.gstatic.com/s/newscycle/v23/CSR54z1Qlv-GDxkbKVQ_dFsvaNM.ttf": { "integrity": "sha512-JZEAFc0Nqx7nou1UM5C5ajkefCqkCDuXWZ7h9VbLOZpu2S7fuYMBrGR+pbbbbD/wFQGQFRY5CszJHL6qJOx3HQ==", "contentType": "font/ttf" },
  "https://fonts.gstatic.com/s/newscycle/v23/CSR64z1Qlv-GDxkbKVQ_TOc.ttf": { "integrity": "sha512-/2j2kxOfXPb3Zq0zpJ10dvatDAny6Kny1k5l4HovB7CDX7Wa9mUB8yFi9m8TSx3GN9VBRs3/OW854D67gi6geQ==", "contentType": "font/ttf" },
  "https://fonts.gstatic.com/s/notosans/v36/o-0mIpQlx3QUlC5A4PNB6Ryti20_6n1iPHjcz6L1SoM-jCpoiyCjA-9a6Vc.ttf": { "integrity": "sha512-vfnJIzxvWOe0xC7UCKbA1t8KQAxbj9XjSGF4KLO4xZV/3yU9Di8xtPR326dXp5QNGJMjuj5RGF5ZGavnYJGzTw==", "contentType": "font/ttf" },
  "https://fonts.gstatic.com/s/notosans/v36/o-0mIpQlx3QUlC5A4PNB6Ryti20_6n1iPHjcz6L1SoM-jCpoiyD9A-9a6Vc.ttf": { "integrity": "sha512-dFJWITlE7LAMobB/O/aXLX2zYNkeWiJwx+Bl06yUZPnHp4KFX7Y0D7Rkej0UoVE+M8W7hpo2bQnAWuG/J1yyDA==", "contentType": "font/ttf" },
  "https://fonts.gstatic.com/s/notosans/v36/o-0mIpQlx3QUlC5A4PNB6Ryti20_6n1iPHjcz6L1SoM-jCpoiyDPA-9a6Vc.ttf": { "integrity": "sha512-pBYWtvzMkdDLigu9bbycO8dt3SAOiBtG+UuOlXkTDQYWqvokP2kU9n5ZhR1ETfhgv2RYxZRv+ICj0tv+weN+1A==", "contentType": "font/ttf" },
  "https://fonts.gstatic.com/s/notosans/v37/o-0mIpQlx3QUlC5A4PNB6Ryti20_6n1iPHjcz6L1SoM-jCpoiyCjA-9a6Vc.ttf": { "integrity": "sha512-7KyB+E9oEfJw99k+hLscyR/Bs5ji9CSOkLXoqREIRGK1iEc5WC6oZeUWmsfSwLRTVdOeyk9DdHsULzvUHd1giQ==", "contentType": "font/ttf" },
  "https://fonts.gstatic.com/s/notosans/v37/o-0mIpQlx3QUlC5A4PNB6Ryti20_6n1iPHjcz6L1SoM-jCpoiyD9A-9a6Vc.ttf": { "integrity": "sha512-a4s6RCogMdJN/cWAs8jlo7uW8mIZVXewRHlGrYxBS7qcG0CJghwTryJRaV/gQU9tzCToxR12gJIPczQPVbNQ6A==", "contentType": "font/ttf" },
  "https://fonts.gstatic.com/s/notosans/v37/o-0mIpQlx3QUlC5A4PNB6Ryti20_6n1iPHjcz6L1SoM-jCpoiyDPA-9a6Vc.ttf": { "integrity": "sha512-GqaPinyju8KK/U3NHpKSZwlYrf3uHuz883d5cT0oknLSzdbpkbIWGwJWwbtwneca8hWjnbgLk1XzpWux0FFCXA==", "contentType": "font/ttf" },
  "https://fonts.gstatic.com/s/notosanssymbols2/v24/I_uyMoGduATTei9eI8daxVHDyfisHr71ypM.ttf": { "integrity": "sha512-7525Bkq6pDJxXhBtQK2YEVbZuBNpfx159qlSrD8JD6YX3ucUKp2C8+i1ThKvUbSgY6jApi87ttVfGGaIhZqKbA==", "contentType": "font/ttf" },
  "https://fonts.gstatic.com/s/notoserif/v23/ga6iaw1J5X9T9RW6j9bNVls-hfgvz8JcMofYTa32J4wsL2JAlAhZqFCTx8cP.ttf": { "integrity": "sha512-SrccPmC8BuB8lkYDYuDWHTqprhZaCp9H8B8FKYN8MFW1e75B7ABits7R+83xcp7VgaO3OYAqtZZd0ClrSejtbg==", "contentType": "font/ttf" },
  "https://fonts.gstatic.com/s/nunito/v26/XRXI3I6Li01BKofiOc5wtlZ2di8HDLshdTQ3ig.ttf": { "integrity": "sha512-Ahp+PNZnaEHWN5G1VHRMQmjAYnEaCve8RVt/zNCBbrWuCaJBbJP44BzMbRGnNKP+DlAy6NeTYln0xDEVcIjsTQ==", "contentType": "font/ttf" },
  "https://fonts.gstatic.com/s/opensans/v40/memQYaGs126MiZpBA-UFUIcVXSCEkx2cmqvXlWq8tWZ0Pw86hd0Rk0ZjWV4exQ.ttf": { "integrity": "sha512-awwdbX37w8iqRMwGSg0hUvNSx5S1BZMRjhkjiF41Co8M/5sN5zGD+//t5qZZ51GLkkrkdzNJoTgB6f8xwWkgmg==", "contentType": "font/ttf" },
  "https://fonts.gstatic.com/s/opensans/v40/memQYaGs126MiZpBA-UFUIcVXSCEkx2cmqvXlWq8tWZ0Pw86hd0Rk5hkWV4exQ.ttf": { "integrity": "sha512-WyZwNxQWWyDAbNYZhkbXCktxD3FYjEjHdFpCeoquzZko0pOI+XGCZO5i8G1dHAeV/9Ar/AZR/WCqGFgUot4wgw==", "contentType": "font/ttf" },
  "https://fonts.gstatic.com/s/opensans/v40/memQYaGs126MiZpBA-UFUIcVXSCEkx2cmqvXlWq8tWZ0Pw86hd0Rk5hkaVc.ttf": { "integrity": "sha512-HPMWbm3dKU5iaRvgGzM67KDCMzJtFKUlPUyq69hkd6ZWlIUFNFijE+DH6lw9sMXyCIoF67CafqrKXf0YcHWHAg==", "contentType": "font/ttf" },
  "https://fonts.gstatic.com/s/opensans/v40/memQYaGs126MiZpBA-UFUIcVXSCEkx2cmqvXlWq8tWZ0Pw86hd0Rk8ZkWV4exQ.ttf": { "integrity": "sha512-B3C9Gfd5MY8hN0IYa3seMZnphQjh12cMv9AvEPg5nJdiASk/zrfXhI28TbX9oxGY0LjdrCErizwCoUbBvfzFIw==", "contentType": "font/ttf" },
  "https://fonts.gstatic.com/s/opensans/v40/memQYaGs126MiZpBA-UFUIcVXSCEkx2cmqvXlWq8tWZ0Pw86hd0Rk8ZkaVc.ttf": { "integrity": "sha512-dKS9exCaEZFp1jvsGZeWoW2+5QOoP/slOMYTNYhb+Q5I8DCOKDcqgRjsRU9puh9FV68CtCTxag962+d2CZ9MRg==", "contentType": "font/ttf" },
  "https://fonts.gstatic.com/s/opensans/v40/memQYaGs126MiZpBA-UFUIcVXSCEkx2cmqvXlWq8tWZ0Pw86hd0RkxhjWV4exQ.ttf": { "integrity": "sha512-+n13tgJGlM5c4+YzNcIKJPigfBGAEONLAB2H3eHB8c3WiCm8G1KditNxAUIvoas4SvXhtwB/rbTLYa/arFIUVA==", "contentType": "font/ttf" },
  "https://fonts.gstatic.com/s/opensans/v40/memQYaGs126MiZpBA-UFUIcVXSCEkx2cmqvXlWq8tWZ0Pw86hd0RkyFjWV4exQ.ttf": { "integrity": "sha512-2ECHiloh/cpc4pjt/y8kyK5M4fTyK5yRBdDrylKeFqGr+W0B75InPbMLRNTf3cHyjjzh8sgbBhMe4paEUynfow==", "contentType": "font/ttf" },
  "https://fonts.gstatic.com/s/opensans/v40/memQYaGs126MiZpBA-UFUIcVXSCEkx2cmqvXlWq8tWZ0Pw86hd0RkyFjaVc.ttf": { "integrity": "sha512-iyq+lewJjDC1fN0V42hzBvpctMMTOo5x/w4jo6Gotigt/aLhDQMmAZ1SWiI/4I/yhFswihvTmvevaxHV9XVItg==", "contentType": "font/ttf" },
  "https://fonts.gstatic.com/s/opensans/v40/memSYaGs126MiZpBA-UvWbX2vVnXBbObj2OVZyOOSr4dVJWUgsg-1x4gaVc.ttf": { "integrity": "sha512-qQ8GXOlrYj86MDxjyWI/PJxozzz5R38GHdK0ftTLHTeuOJ68AxxMfa9HZsWrsDCMrTmvn77PA/LLYK5Y/1JLLA==", "contentType": "font/ttf" },
  "https://fonts.gstatic.com/s/opensans/v40/memSYaGs126MiZpBA-UvWbX2vVnXBbObj2OVZyOOSr4dVJWUgsg-1x4uaVc.ttf": { "integrity": "sha512-z9lw2yu6ANtmGzgTdffbXr0NBYiCvFfFNovqse8EvJL4LnFr1EtD0ywj7IWR8oFPyJ2/diD1mSO3I93VVvR26w==", "contentType": "font/ttf" },
  "https://fonts.gstatic.com/s/opensans/v40/memSYaGs126MiZpBA-UvWbX2vVnXBbObj2OVZyOOSr4dVJWUgsg-1y4n.ttf": { "integrity": "sha512-CjRvEZrFzZfiKmSP3yhgQrmimudiRTv/wnY+xmGtIp8+vg7LzeE2lYN5d60pnv1dL3fKge6eA6ygzhq54Tf2lQ==", "contentType": "font/ttf" },
  "https://fonts.gstatic.com/s/opensans/v40/memSYaGs126MiZpBA-UvWbX2vVnXBbObj2OVZyOOSr4dVJWUgsgH1x4uaVc.ttf": { "integrity": "sha512-OhvZ+gKrcPSI+6UnrNvsAwxTLl5t4rHjCLpcJCiw9oiBC1pWebYFXc7EZEP/dsGwaSy6JZzcBzCIttdAiVVEPA==", "contentType": "font/ttf" },
  "https://fonts.gstatic.com/s/opensans/v40/memSYaGs126MiZpBA-UvWbX2vVnXBbObj2OVZyOOSr4dVJWUgshZ1x4uaVc.ttf": { "integrity": "sha512-cF8n/A6zzQMsHjXIiYKz5qURox9VZ/4USzak3AwlWoiuPwVs1D2xKGtYc/XSzpbkpwwuMeUkIRdQ8OVfDYbqKg==", "contentType": "font/ttf" },
  "https://fonts.gstatic.com/s/opensans/v40/memSYaGs126MiZpBA-UvWbX2vVnXBbObj2OVZyOOSr4dVJWUgsiH0B4uaVc.ttf": { "integrity": "sha512-/tOFBRYFo2Cp/bMoX3g+R/d1HNEsnRNoIJrbrjfWPu19VjFIc40gfbbFN6AvDICryG0SOpJZBfzLNt78ROdbeg==", "contentType": "font/ttf" },
  "https://fonts.gstatic.com/s/opensans/v40/memSYaGs126MiZpBA-UvWbX2vVnXBbObj2OVZyOOSr4dVJWUgsiH0C4n.ttf": { "integrity": "sha512-ZqmBM/GENU98nFi1vHt0xm6gHXXSH5HHAIkC2D8DEwOtde/rgRNlqQIVq4EXN6fzFrfaNFh50sagEFuuJUz3yw==", "contentType": "font/ttf" },
  "https://fonts.gstatic.com/s/opensans/v40/memSYaGs126MiZpBA-UvWbX2vVnXBbObj2OVZyOOSr4dVJWUgsjZ0B4gaVc.ttf": { "integrity": "sha512-Eu6nzPJCxLGbxckOpkIiiMWFNBtKxqvJT6LD8Ia9owPYpoSKHjZ8nMFxLWwut+ALs3pE0UCPX25PZERnUhmLwA==", "contentType": "font/ttf" },
  "https://fonts.gstatic.com/s/opensans/v40/memSYaGs126MiZpBA-UvWbX2vVnXBbObj2OVZyOOSr4dVJWUgsjZ0B4uaVc.ttf": { "integrity": "sha512-HXwhqCVkJwhohzHtLR7JsSBeuDCJ1lZKE2RaoAHc8UU75nHHqPyuIPa6WhmleycuKIPxJy2ddAYQC4l2t6fCxw==", "contentType": "font/ttf" },
  "https://fonts.gstatic.com/s/opensans/v40/memSYaGs126MiZpBA-UvWbX2vVnXBbObj2OVZyOOSr4dVJWUgsjZ0C4n.ttf": { "integrity": "sha512-bZsKJ/8ps4RyiQUVAdJ0gOBSptp6z27PmLCDOHgp5JHJh5l84dNx87UHDj52wbUgnInPLo7OmuF65ptaqZlJag==", "contentType": "font/ttf" },
  "https://fonts.gstatic.com/s/oswald/v53/TK3_WkUHHAIjg75cFRf3bXL8LICs1_FvsUZiYA.ttf": { "integrity": "sha512-kWmhP4CtpdPXykzQTNe/v1aHjW5amstroHDqBctZDUuocakbS2iSQvu6Q8PdiiuTpRMQ1P6VVOoltAJWRgpUgg==", "contentType": "font/ttf" },
  "https://fonts.gstatic.com/s/patrickhandsc/v15/0nkwC9f7MfsBiWcLtY65AWDK873ljiK-.ttf": { "integrity": "sha512-TWtEFlvqz7JJe1MHYMhagCoYRMvGNCKstN2Nh97CXPOgS6mY2Ws8tMoGt4LldofsOmOIEXmgH4tSREa1qgvvZw==", "contentType": "font/ttf" },
  "https://fonts.gstatic.com/s/raleway/v34/1Ptxg8zYS_SKggPN4iEgvnHyvveLxVs9pbCIPrQ.ttf": { "integrity": "sha512-VD5pYjK3jfJZpozEg1FtdmSMj0QG/+vLgPWIa5kFy4GZIQBwf2T+9ecoZOF1Eu+E7ZqA+nLtBj9jg7/9SptcIw==", "contentType": "font/ttf" },
  "https://fonts.gstatic.com/s/raleway/v34/1Ptxg8zYS_SKggPN4iEgvnHyvveLxVvaorCIPrQ.ttf": { "integrity": "sha512-8cSH1je/Xr6B14lcyep5JShIHZYHLVYtD38uL9VT+rqJP91kjQEVH2fxpVCoYpeQ0M4nZ4r7wnxtg+sFWgnTVw==", "contentType": "font/ttf" },
  "https://fonts.gstatic.com/s/roboto/v32/KFOlCnqEu92Fr1MmEU9fBBc9.ttf": { "integrity": "sha512-q2SW8vKLipSL0NCCmbetjhgLNKd9mNf7pPbX5mx0lO4KHAZBpdmwlOk7uIc0t7ej0IuZOMdQx52KK2t0hw8UXw==", "contentType": "font/ttf" },
  "https://fonts.gstatic.com/s/roboto/v32/KFOlCnqEu92Fr1MmEU9vAw.ttf": { "integrity": "sha512-BsgtruSt/bIBoYGEpJwRj4u7VyGCxxucO+lq+MxTwNiwvS/l3u7q/qlQNrVp/zF+bYEQ6LjAd6QoN5ocfhfJMg==", "contentType": "font/ttf" },
  "https://fonts.gstatic.com/s/roboto/v32/KFOlCnqEu92Fr1MmSU5fBBc9.ttf": { "integrity": "sha512-KKvMH9hQP6v/eWos9P+5JiFUQAxSZxVq9oVPV8iZwiuYaVmmrNVk1JcfaarRzH4Io7xXCgd4MaZzJ6SF3N4QNg==", "contentType": "font/ttf" },
  "https://fonts.gstatic.com/s/roboto/v32/KFOlCnqEu92Fr1MmWUlfBBc9.ttf": { "integrity": "sha512-UEeizYZVt/xS08oeXtl/eBrrhZP0KsF+dkuamUIUDlY7aK2WvY6Wz4fVtsdFG1apM8NFs9JBkZ7mUamQ/KhdlA==", "contentType": "font/ttf" },
  "https://fonts.gstatic.com/s/roboto/v32/KFOlCnqEu92Fr1MmWUlvAw.ttf": { "integrity": "sha512-mRpBZYYwOBZhoFR02wLGXr0R7cIUpUb+gLUVM55s/OE00/kT1b8a2LbhFqrlrjM5NP73wWExa2OWwrAu1EeTjQ==", "contentType": "font/ttf" },
  "https://fonts.gstatic.com/s/roboto/v32/KFOmCnqEu92Fr1Me5Q.ttf": { "integrity": "sha512-X29v7r2DANUscRQ+BQfh6l2jGNQvhQexCRZsVMpHN2hbgfSu8rscidQIg1xx9Psz1jSTCTZOriFvJsVels7Low==", "contentType": "font/ttf" },
  "https://fonts.gstatic.com/s/roboto/v32/KFOmCnqEu92Fr1Mu4mxP.ttf": { "integrity": "sha512-lZqg/xzz7q20Ke19PJ+hbOxhoB/uIW3qfe6uOMdZWhNC7PJS/ezHPNHBow32SQHTL1vXw6eckoNC3Oe7bJ0rtA==", "contentType": "font/ttf" },
  "https://fonts.gstatic.com/s/robotomono/v23/L0xuDF4xlVMF-BfR8bXMIhJHg45mwgGEFl0_3vq_ROW9.ttf": { "integrity": "sha512-FLB6gcWkMqEsgdZCZ/JZH4MrIhMq5x0NK1ub7CO34e/J/Pl9NFOpM0UNSzJIU5LTHs9N7JgyUDb15VFqH1Rwrg==", "contentType": "font/ttf" },
  "https://fonts.gstatic.com/s/sourcesanspro/v22/6xK1dSBYKcSV-LCoeQqfX1RYOo3qPa7g.ttf": { "integrity": "sha512-+Wim8n8uyrAKBKqJ5av2Yhp5RLAFrkV7zeAV/PBayepNxJTmml+x4R7SiGl84GWFZAJFoLmvEM7leBOfYNi7iA==", "contentType": "font/ttf" },
  "https://fonts.gstatic.com/s/sourcesanspro/v22/6xK3dSBYKcSV-LCoeQqfX1RYOo3aPw.ttf": { "integrity": "sha512-GnPF0RRB/0J+weP7uvs1p57//ecrnkK9WQKWN/bdcTH+h2JTCPSK7iY5Azg2s3pjHQPfpfE4q/oewX3gkZNSiQ==", "contentType": "font/ttf" },
  "https://fonts.gstatic.com/s/sourcesanspro/v22/6xKydSBYKcSV-LCoeQqfX1RYOo3ig4vAkA.ttf": { "integrity": "sha512-iKfgVj54MwaQgKRUUSbTMgt2YGpPA7OrMB7+c14JhMcJts2fc8pXuNP4BDzR/xTplLFyAp3cZ57jFm8VpTHhkw==", "contentType": "font/ttf" },
  "https://fonts.gstatic.com/s/sourcesanspro/v22/6xKydSBYKcSV-LCoeQqfX1RYOo3ik4zAkA.ttf": { "integrity": "sha512-z1vlSxZiiwvP+h80bFrvlmwc1CJ3F/+xSBTgUhcPlcuq9VojQr7zz05Hh2OTR0r3Bhr7hf/vi/KOjNS7XfJRQw==", "contentType": "font/ttf" },
  "https://fonts.gstatic.com/s/spectral/v13/rnCs-xNNww_2s0amA9uSsF3G.ttf": { "integrity": "sha512-aP/sBYBllgd55XtDUQnJqZIV4ry/6D5aCnkTG2UL4Nt3h5x3YX2cHTEzit5SxuAd3puPRrYwkESip0P0l4OTxw==", "contentType": "font/ttf" },
  "https://fonts.gstatic.com/s/spectral/v13/rnCs-xNNww_2s0amA9vmtl3G.ttf": { "integrity": "sha512-hphFc+nCdgyRPOReuVPmsWzQLa97f+20ce7m7ab3fsVVdH72rjg6P4zDztv9LvmMBMVso5D5kVWsGuERxpvrNw==", "contentType": "font/ttf" },
  "https://fonts.gstatic.com/s/spectral/v13/rnCu-xNNww_2s0amA9M8qqXCafM.ttf": { "integrity": "sha512-qJr1x5uCyzS35o3RJW141mMuDI1UpVhiaHCNd4Bx86UOwKwZke45xjCVJl10FM4VdeX2vgppEBco61Zh951l1w==", "contentType": "font/ttf" },
  "https://fonts.gstatic.com/s/spectral/v13/rnCu-xNNww_2s0amA9M8qtHEafM.ttf": { "integrity": "sha512-zc9YCJh1ogVXlnsIalnwl1XfN6k9eIU1MmygL0K+9aJxQcsfZTINByMkhLC2aV9J27VKl4vllxyVL2LrNjF7rA==", "contentType": "font/ttf" },
  "https://fonts.gstatic.com/s/spectral/v14/rnCs-xNNww_2s0amA9uSsF3G.ttf": { "integrity": "sha512-fVVFOlCoaCExlFXhTdar8aF9gLE+YUqYNBg8MciIlIltRtPAvvXQMt941buBGWvWAxBuRTGnnx03jgW1FYzn5A==", "contentType": "font/ttf" },
  "https://fonts.gstatic.com/s/spectral/v14/rnCs-xNNww_2s0amA9vmtl3G.ttf": { "integrity": "sha512-fWXexEs4pRresvFdhm33yfMkcMZUTNfm5lM25yAihPN3b2yNliFe+xFpto60p8AiJY/a67ZkilZ9uyRrZNjrbw==", "contentType": "font/ttf" },
  "https://fonts.gstatic.com/s/spectral/v14/rnCu-xNNww_2s0amA9M8qqXCafM.ttf": { "integrity": "sha512-XiLy3oYGP1HXnZuCHhm8cxCiy1SqK2bNfr1KcZz9dI+ElhTSHYP6dr37x2ABzeDVhrVJXpJ69JdzkPb+/9ZuMA==", "contentType": "font/ttf" },
  "https://fonts.gstatic.com/s/spectral/v14/rnCu-xNNww_2s0amA9M8qtHEafM.ttf": { "integrity": "sha512-KkdY8Q5zYNugqfdvL6LSuAnP9EfOdNTMXE+ivW1DqmYuEXYoujFyXFIfjSeVizPj9Oau0BGBfKwJLM3Nf8Kz4A==", "contentType": "font/ttf" },
  "version": 1
}
